
Microsoft Visual Studio Solution File, Format Version 12.00
# Visual Studio Version 16
VisualStudioVersion = 16.0.29418.71
MinimumVisualStudioVersion = 10.0.40219.1
Project("{FAE04EC0-301F-11D3-BF4B-00C04F79EFBC}") = "SuperStore-API.Web", "SuperStore-API.Web\SuperStore-API.Web.csproj", "{4ABDF161-C812-4671-B8EC-1BB7B0062477}"
EndProject
Global
	GlobalSection(SolutionConfigurationPlatforms) = preSolution
		Debug|Any CPU = Debug|Any CPU
		Release|Any CPU = Release|Any CPU
	EndGlobalSection
	GlobalSection(ProjectConfigurationPlatforms) = postSolution
		{4ABDF161-C812-4671-B8EC-1BB7B0062477}.Debug|Any CPU.ActiveCfg = Debug|Any CPU
		{4ABDF161-C812-4671-B8EC-1BB7B0062477}.Debug|Any CPU.Build.0 = Debug|Any CPU
		{4ABDF161-C812-4671-B8EC-1BB7B0062477}.Release|Any CPU.ActiveCfg = Release|Any CPU
		{4ABDF161-C812-4671-B8EC-1BB7B0062477}.Release|Any CPU.Build.0 = Release|Any CPU
	EndGlobalSection
	GlobalSection(SolutionProperties) = preSolution
		HideSolutionNode = FALSE
	EndGlobalSection
	GlobalSection(ExtensibilityGlobals) = postSolution
		SolutionGuid = {47E63BC1-5700-4A42-8C84-016DF371A155}
	EndGlobalSection
EndGlobal
